
Microsoft Visual Studio Solution File, Format Version 12.00
# Visual Studio Version 16
VisualStudioVersion = 16.0.29001.49
MinimumVisualStudioVersion = 10.0.40219.1
Project("{FAE04EC0-301F-11D3-BF4B-00C04F79EFBC}") = "a moving picture", "a moving picture\a moving picture.csproj", "{3468A5FC-2FC3-4BBC-8D79-C6C06B1AE4F4}"
EndProject
Global
	GlobalSection(SolutionConfigurationPlatforms) = preSolution
		Debug|Any CPU = Debug|Any CPU
		Release|Any CPU = Release|Any CPU
	EndGlobalSection
	GlobalSection(ProjectConfigurationPlatforms) = postSolution
		{3468A5FC-2FC3-4BBC-8D79-C6C06B1AE4F4}.Debug|Any CPU.ActiveCfg = Debug|Any CPU
		{3468A5FC-2FC3-4BBC-8D79-C6C06B1AE4F4}.Debug|Any CPU.Build.0 = Debug|Any CPU
		{3468A5FC-2FC3-4BBC-8D79-C6C06B1AE4F4}.Release|Any CPU.ActiveCfg = Release|Any CPU
		{3468A5FC-2FC3-4BBC-8D79-C6C06B1AE4F4}.Release|Any CPU.Build.0 = Release|Any CPU
	EndGlobalSection
	GlobalSection(SolutionProperties) = preSolution
		HideSolutionNode = FALSE
	EndGlobalSection
	GlobalSection(ExtensibilityGlobals) = postSolution
		SolutionGuid = {3752E40D-703A-429C-8A2B-CE304955B879}
	EndGlobalSection
EndGlobal
